
Microsoft Visual Studio Solution File, Format Version 12.00
# Visual Studio Version 16
VisualStudioVersion = 16.0.33328.57
MinimumVisualStudioVersion = 10.0.40219.1
Project("{FAE04EC0-301F-11D3-BF4B-00C04F79EFBC}") = "EFCoreHomework5_1", "EFCoreHomework5_1\EFCoreHomework5_1.csproj", "{11CFA0AF-5960-424F-AC8C-F96C55693D37}"
EndProject
Global
	GlobalSection(SolutionConfigurationPlatforms) = preSolution
		Debug|Any CPU = Debug|Any CPU
		Release|Any CPU = Release|Any CPU
	EndGlobalSection
	GlobalSection(ProjectConfigurationPlatforms) = postSolution
		{11CFA0AF-5960-424F-AC8C-F96C55693D37}.Debug|Any CPU.ActiveCfg = Debug|Any CPU
		{11CFA0AF-5960-424F-AC8C-F96C55693D37}.Debug|Any CPU.Build.0 = Debug|Any CPU
		{11CFA0AF-5960-424F-AC8C-F96C55693D37}.Release|Any CPU.ActiveCfg = Release|Any CPU
		{11CFA0AF-5960-424F-AC8C-F96C55693D37}.Release|Any CPU.Build.0 = Release|Any CPU
	EndGlobalSection
	GlobalSection(SolutionProperties) = preSolution
		HideSolutionNode = FALSE
	EndGlobalSection
	GlobalSection(ExtensibilityGlobals) = postSolution
		SolutionGuid = {B6E7FD77-4C74-4BD3-B790-E0F619679E3B}
	EndGlobalSection
EndGlobal
